
Microsoft Visual Studio Solution File, Format Version 12.00
# Visual Studio Version 17
VisualStudioVersion = 17.5.33627.172
MinimumVisualStudioVersion = 10.0.40219.1
Project("{9A19103F-16F7-4668-BE54-9A1E7A4F7556}") = "WebApiMqtt", "WebApiMqtt\WebApiMqtt.csproj", "{CEA2DB7A-B907-42A7-AA60-BEEB14AD8AE6}"
EndProject
Project("{9A19103F-16F7-4668-BE54-9A1E7A4F7556}") = "BlazorWeb", "BlazorWeb\BlazorWeb.csproj", "{CD14FE7D-E45C-414A-80E2-CA9C9FBD6491}"
EndProject
Global
	GlobalSection(SolutionConfigurationPlatforms) = preSolution
		Debug|Any CPU = Debug|Any CPU
		Release|Any CPU = Release|Any CPU
	EndGlobalSection
	GlobalSection(ProjectConfigurationPlatforms) = postSolution
		{CEA2DB7A-B907-42A7-AA60-BEEB14AD8AE6}.Debug|Any CPU.ActiveCfg = Debug|Any CPU
		{CEA2DB7A-B907-42A7-AA60-BEEB14AD8AE6}.Debug|Any CPU.Build.0 = Debug|Any CPU
		{CEA2DB7A-B907-42A7-AA60-BEEB14AD8AE6}.Release|Any CPU.ActiveCfg = Release|Any CPU
		{CEA2DB7A-B907-42A7-AA60-BEEB14AD8AE6}.Release|Any CPU.Build.0 = Release|Any CPU
		{CD14FE7D-E45C-414A-80E2-CA9C9FBD6491}.Debug|Any CPU.ActiveCfg = Debug|Any CPU
		{CD14FE7D-E45C-414A-80E2-CA9C9FBD6491}.Debug|Any CPU.Build.0 = Debug|Any CPU
		{CD14FE7D-E45C-414A-80E2-CA9C9FBD6491}.Release|Any CPU.ActiveCfg = Release|Any CPU
		{CD14FE7D-E45C-414A-80E2-CA9C9FBD6491}.Release|Any CPU.Build.0 = Release|Any CPU
	EndGlobalSection
	GlobalSection(SolutionProperties) = preSolution
		HideSolutionNode = FALSE
	EndGlobalSection
	GlobalSection(ExtensibilityGlobals) = postSolution
		SolutionGuid = {0B50DB75-D626-463D-9570-B13C495C56C5}
	EndGlobalSection
EndGlobal
